
Microsoft Visual Studio Solution File, Format Version 12.00
# Visual Studio Version 17
VisualStudioVersion = 17.11.35327.3
MinimumVisualStudioVersion = 10.0.40219.1
Project("{FAE04EC0-301F-11D3-BF4B-00C04F79EFBC}") = "gRPC_client", "gRPC_client\gRPC_client.csproj", "{2B5B608E-F295-4006-8DDF-D8A01ED80CDC}"
EndProject
Global
	GlobalSection(SolutionConfigurationPlatforms) = preSolution
		Debug|Any CPU = Debug|Any CPU
		Release|Any CPU = Release|Any CPU
	EndGlobalSection
	GlobalSection(ProjectConfigurationPlatforms) = postSolution
		{2B5B608E-F295-4006-8DDF-D8A01ED80CDC}.Debug|Any CPU.ActiveCfg = Debug|Any CPU
		{2B5B608E-F295-4006-8DDF-D8A01ED80CDC}.Debug|Any CPU.Build.0 = Debug|Any CPU
		{2B5B608E-F295-4006-8DDF-D8A01ED80CDC}.Release|Any CPU.ActiveCfg = Release|Any CPU
		{2B5B608E-F295-4006-8DDF-D8A01ED80CDC}.Release|Any CPU.Build.0 = Release|Any CPU
	EndGlobalSection
	GlobalSection(SolutionProperties) = preSolution
		HideSolutionNode = FALSE
	EndGlobalSection
	GlobalSection(ExtensibilityGlobals) = postSolution
		SolutionGuid = {10027412-4DC1-4E21-91AF-C64DD13CB149}
	EndGlobalSection
EndGlobal
